{
  "name": "experiment",
  "version": "1.0.0",
  "lockfileVersion": 1,
  "requires": true,
  "dependencies": {
    "comitter": {
      "version": "0.0.4",
      "resolved": "https://registry.npmjs.org/comitter/-/comitter-0.0.4.tgz",
      "integrity": "sha512-mf7cRUWraelUyms1K0lCMT+1X3C67yjcZ+ExMv/RGHDuB4jBSOsKLEySr/YaSx22Dgj729DI5y07v+LTwJSZXQ=="
    }
  }
}
